
Microsoft Visual Studio Solution File, Format Version 11.00
# Visual Studio Version 17

Project("{8BC9CEB8-8B4A-11D0-8D11-00A0C91BC942}") = "Rosemary - Standalone Plugin", "Rosemary_StandalonePlugin.vcxproj", "{372432F2-949D-58F1-67AA-18EFD88DCA05}"
	ProjectSection(ProjectDependencies) = postProject
		{4A0199E5-4D3F-2310-9F08-C2970CD71DCC} = {4A0199E5-4D3F-2310-9F08-C2970CD71DCC}
	EndProjectSection
EndProject
Project("{8BC9CEB8-8B4A-11D0-8D11-00A0C91BC942}") = "Rosemary - VST3", "Rosemary_VST3.vcxproj", "{56FF59CE-36FF-28CE-BA0F-D44155F58245}"
	ProjectSection(ProjectDependencies) = postProject
		{4A0199E5-4D3F-2310-9F08-C2970CD71DCC} = {4A0199E5-4D3F-2310-9F08-C2970CD71DCC}
		{15763B94-520A-5B04-C9FB-6BB147814014} = {15763B94-520A-5B04-C9FB-6BB147814014}
	EndProjectSection
EndProject
Project("{8BC9CEB8-8B4A-11D0-8D11-00A0C91BC942}") = "Rosemary - Shared Code", "Rosemary_SharedCode.vcxproj", "{4A0199E5-4D3F-2310-9F08-C2970CD71DCC}"
EndProject
Project("{8BC9CEB8-8B4A-11D0-8D11-00A0C91BC942}") = "Rosemary - VST3 Manifest Helper", "Rosemary_VST3ManifestHelper.vcxproj", "{15763B94-520A-5B04-C9FB-6BB147814014}"
EndProject
Global
	GlobalSection(SolutionConfigurationPlatforms) = preSolution
		Debug|x64 = Debug|x64
		Release|x64 = Release|x64
	EndGlobalSection
	GlobalSection(ProjectConfigurationPlatforms) = postSolution
		{56FF59CE-36FF-28CE-BA0F-D44155F58245}.Debug|x64.ActiveCfg = Debug|x64
		{56FF59CE-36FF-28CE-BA0F-D44155F58245}.Debug|x64.Build.0 = Debug|x64
		{56FF59CE-36FF-28CE-BA0F-D44155F58245}.Release|x64.ActiveCfg = Release|x64
		{56FF59CE-36FF-28CE-BA0F-D44155F58245}.Release|x64.Build.0 = Release|x64
		{372432F2-949D-58F1-67AA-18EFD88DCA05}.Debug|x64.ActiveCfg = Debug|x64
		{372432F2-949D-58F1-67AA-18EFD88DCA05}.Debug|x64.Build.0 = Debug|x64
		{372432F2-949D-58F1-67AA-18EFD88DCA05}.Release|x64.ActiveCfg = Release|x64
		{372432F2-949D-58F1-67AA-18EFD88DCA05}.Release|x64.Build.0 = Release|x64
		{4A0199E5-4D3F-2310-9F08-C2970CD71DCC}.Debug|x64.ActiveCfg = Debug|x64
		{4A0199E5-4D3F-2310-9F08-C2970CD71DCC}.Debug|x64.Build.0 = Debug|x64
		{4A0199E5-4D3F-2310-9F08-C2970CD71DCC}.Release|x64.ActiveCfg = Release|x64
		{4A0199E5-4D3F-2310-9F08-C2970CD71DCC}.Release|x64.Build.0 = Release|x64
		{15763B94-520A-5B04-C9FB-6BB147814014}.Debug|x64.ActiveCfg = Debug|x64
		{15763B94-520A-5B04-C9FB-6BB147814014}.Debug|x64.Build.0 = Debug|x64
		{15763B94-520A-5B04-C9FB-6BB147814014}.Release|x64.ActiveCfg = Release|x64
		{15763B94-520A-5B04-C9FB-6BB147814014}.Release|x64.Build.0 = Release|x64
	EndGlobalSection
	GlobalSection(SolutionProperties) = preSolution
		HideSolutionNode = FALSE
	EndGlobalSection
EndGlobal
